
Microsoft Visual Studio Solution File, Format Version 12.00
# Visual Studio Version 17
VisualStudioVersion = 17.5.33502.453
MinimumVisualStudioVersion = 10.0.40219.1
Project("{8BC9CEB8-8B4A-11D0-8D11-00A0C91BC942}") = "1", "1\1.vcxproj", "{4DFD4BFE-03D5-4534-A5B8-8CF218E969A9}"
EndProject
Project("{8BC9CEB8-8B4A-11D0-8D11-00A0C91BC942}") = "2", "2\2.vcxproj", "{92948508-26EE-4B45-8E2E-5AC2F417FA4A}"
EndProject
Project("{8BC9CEB8-8B4A-11D0-8D11-00A0C91BC942}") = "3", "3\3.vcxproj", "{1AB56315-A596-4F3B-85D3-9A6425946B6A}"
EndProject
Project("{8BC9CEB8-8B4A-11D0-8D11-00A0C91BC942}") = "4", "4\4.vcxproj", "{656B81A2-C8CD-4279-BB1F-3EFA8130B873}"
EndProject
Project("{8BC9CEB8-8B4A-11D0-8D11-00A0C91BC942}") = "5", "5\5.vcxproj", "{29030B61-F509-4B65-A4F6-40FBB498E860}"
EndProject
Project("{8BC9CEB8-8B4A-11D0-8D11-00A0C91BC942}") = "6", "6\6.vcxproj", "{D52F3747-44BD-4F69-B15B-693B6D185D51}"
EndProject
Project("{8BC9CEB8-8B4A-11D0-8D11-00A0C91BC942}") = "7", "7\7.vcxproj", "{ADE9B2F9-ABA6-4ACE-ACE0-7E0ED4455115}"
EndProject
Project("{8BC9CEB8-8B4A-11D0-8D11-00A0C91BC942}") = "8", "8\8.vcxproj", "{6FD6BEB9-0D06-4413-894A-585E0FE8126E}"
EndProject
Project("{8BC9CEB8-8B4A-11D0-8D11-00A0C91BC942}") = "9", "9\9.vcxproj", "{41A4D764-C141-42A3-9B2B-DD72C92D844F}"
EndProject
Global
	GlobalSection(SolutionConfigurationPlatforms) = preSolution
		Debug|x64 = Debug|x64
		Debug|x86 = Debug|x86
		Release|x64 = Release|x64
		Release|x86 = Release|x86
	EndGlobalSection
	GlobalSection(ProjectConfigurationPlatforms) = postSolution
		{4DFD4BFE-03D5-4534-A5B8-8CF218E969A9}.Debug|x64.ActiveCfg = Debug|x64
		{4DFD4BFE-03D5-4534-A5B8-8CF218E969A9}.Debug|x64.Build.0 = Debug|x64
		{4DFD4BFE-03D5-4534-A5B8-8CF218E969A9}.Debug|x86.ActiveCfg = Debug|Win32
		{4DFD4BFE-03D5-4534-A5B8-8CF218E969A9}.Debug|x86.Build.0 = Debug|Win32
		{4DFD4BFE-03D5-4534-A5B8-8CF218E969A9}.Release|x64.ActiveCfg = Release|x64
		{4DFD4BFE-03D5-4534-A5B8-8CF218E969A9}.Release|x64.Build.0 = Release|x64
		{4DFD4BFE-03D5-4534-A5B8-8CF218E969A9}.Release|x86.ActiveCfg = Release|Win32
		{4DFD4BFE-03D5-4534-A5B8-8CF218E969A9}.Release|x86.Build.0 = Release|Win32
		{92948508-26EE-4B45-8E2E-5AC2F417FA4A}.Debug|x64.ActiveCfg = Debug|x64
		{92948508-26EE-4B45-8E2E-5AC2F417FA4A}.Debug|x64.Build.0 = Debug|x64
		{92948508-26EE-4B45-8E2E-5AC2F417FA4A}.Debug|x86.ActiveCfg = Debug|Win32
		{92948508-26EE-4B45-8E2E-5AC2F417FA4A}.Debug|x86.Build.0 = Debug|Win32
		{92948508-26EE-4B45-8E2E-5AC2F417FA4A}.Release|x64.ActiveCfg = Release|x64
		{92948508-26EE-4B45-8E2E-5AC2F417FA4A}.Release|x64.Build.0 = Release|x64
		{92948508-26EE-4B45-8E2E-5AC2F417FA4A}.Release|x86.ActiveCfg = Release|Win32
		{92948508-26EE-4B45-8E2E-5AC2F417FA4A}.Release|x86.Build.0 = Release|Win32
		{1AB56315-A596-4F3B-85D3-9A6425946B6A}.Debug|x64.ActiveCfg = Debug|x64
		{1AB56315-A596-4F3B-85D3-9A6425946B6A}.Debug|x64.Build.0 = Debug|x64
		{1AB56315-A596-4F3B-85D3-9A6425946B6A}.Debug|x86.ActiveCfg = Debug|Win32
		{1AB56315-A596-4F3B-85D3-9A6425946B6A}.Debug|x86.Build.0 = Debug|Win32
		{1AB56315-A596-4F3B-85D3-9A6425946B6A}.Release|x64.ActiveCfg = Release|x64
		{1AB56315-A596-4F3B-85D3-9A6425946B6A}.Release|x64.Build.0 = Release|x64
		{1AB56315-A596-4F3B-85D3-9A6425946B6A}.Release|x86.ActiveCfg = Release|Win32
		{1AB56315-A596-4F3B-85D3-9A6425946B6A}.Release|x86.Build.0 = Release|Win32
		{656B81A2-C8CD-4279-BB1F-3EFA8130B873}.Debug|x64.ActiveCfg = Debug|x64
		{656B81A2-C8CD-4279-BB1F-3EFA8130B873}.Debug|x64.Build.0 = Debug|x64
		{656B81A2-C8CD-4279-BB1F-3EFA8130B873}.Debug|x86.ActiveCfg = Debug|Win32
		{656B81A2-C8CD-4279-BB1F-3EFA8130B873}.Debug|x86.Build.0 = Debug|Win32
		{656B81A2-C8CD-4279-BB1F-3EFA8130B873}.Release|x64.ActiveCfg = Release|x64
		{656B81A2-C8CD-4279-BB1F-3EFA8130B873}.Release|x64.Build.0 = Release|x64
		{656B81A2-C8CD-4279-BB1F-3EFA8130B873}.Release|x86.ActiveCfg = Release|Win32
		{656B81A2-C8CD-4279-BB1F-3EFA8130B873}.Release|x86.Build.0 = Release|Win32
		{29030B61-F509-4B65-A4F6-40FBB498E860}.Debug|x64.ActiveCfg = Debug|x64
		{29030B61-F509-4B65-A4F6-40FBB498E860}.Debug|x64.Build.0 = Debug|x64
		{29030B61-F509-4B65-A4F6-40FBB498E860}.Debug|x86.ActiveCfg = Debug|Win32
		{29030B61-F509-4B65-A4F6-40FBB498E860}.Debug|x86.Build.0 = Debug|Win32
		{29030B61-F509-4B65-A4F6-40FBB498E860}.Release|x64.ActiveCfg = Release|x64
		{29030B61-F509-4B65-A4F6-40FBB498E860}.Release|x64.Build.0 = Release|x64
		{29030B61-F509-4B65-A4F6-40FBB498E860}.Release|x86.ActiveCfg = Release|Win32
		{29030B61-F509-4B65-A4F6-40FBB498E860}.Release|x86.Build.0 = Release|Win32
		{D52F3747-44BD-4F69-B15B-693B6D185D51}.Debug|x64.ActiveCfg = Debug|x64
		{D52F3747-44BD-4F69-B15B-693B6D185D51}.Debug|x64.Build.0 = Debug|x64
		{D52F3747-44BD-4F69-B15B-693B6D185D51}.Debug|x86.ActiveCfg = Debug|Win32
		{D52F3747-44BD-4F69-B15B-693B6D185D51}.Debug|x86.Build.0 = Debug|Win32
		{D52F3747-44BD-4F69-B15B-693B6D185D51}.Release|x64.ActiveCfg = Release|x64
		{D52F3747-44BD-4F69-B15B-693B6D185D51}.Release|x64.Build.0 = Release|x64
		{D52F3747-44BD-4F69-B15B-693B6D185D51}.Release|x86.ActiveCfg = Release|Win32
		{D52F3747-44BD-4F69-B15B-693B6D185D51}.Release|x86.Build.0 = Release|Win32
		{ADE9B2F9-ABA6-4ACE-ACE0-7E0ED4455115}.Debug|x64.ActiveCfg = Debug|x64
		{ADE9B2F9-ABA6-4ACE-ACE0-7E0ED4455115}.Debug|x64.Build.0 = Debug|x64
		{ADE9B2F9-ABA6-4ACE-ACE0-7E0ED4455115}.Debug|x86.ActiveCfg = Debug|Win32
		{ADE9B2F9-ABA6-4ACE-ACE0-7E0ED4455115}.Debug|x86.Build.0 = Debug|Win32
		{ADE9B2F9-ABA6-4ACE-ACE0-7E0ED4455115}.Release|x64.ActiveCfg = Release|x64
		{ADE9B2F9-ABA6-4ACE-ACE0-7E0ED4455115}.Release|x64.Build.0 = Release|x64
		{ADE9B2F9-ABA6-4ACE-ACE0-7E0ED4455115}.Release|x86.ActiveCfg = Release|Win32
		{ADE9B2F9-ABA6-4ACE-ACE0-7E0ED4455115}.Release|x86.Build.0 = Release|Win32
		{6FD6BEB9-0D06-4413-894A-585E0FE8126E}.Debug|x64.ActiveCfg = Debug|x64
		{6FD6BEB9-0D06-4413-894A-585E0FE8126E}.Debug|x64.Build.0 = Debug|x64
		{6FD6BEB9-0D06-4413-894A-585E0FE8126E}.Debug|x86.ActiveCfg = Debug|Win32
		{6FD6BEB9-0D06-4413-894A-585E0FE8126E}.Debug|x86.Build.0 = Debug|Win32
		{6FD6BEB9-0D06-4413-894A-585E0FE8126E}.Release|x64.ActiveCfg = Release|x64
		{6FD6BEB9-0D06-4413-894A-585E0FE8126E}.Release|x64.Build.0 = Release|x64
		{6FD6BEB9-0D06-4413-894A-585E0FE8126E}.Release|x86.ActiveCfg = Release|Win32
		{6FD6BEB9-0D06-4413-894A-585E0FE8126E}.Release|x86.Build.0 = Release|Win32
		{41A4D764-C141-42A3-9B2B-DD72C92D844F}.Debug|x64.ActiveCfg = Debug|x64
		{41A4D764-C141-42A3-9B2B-DD72C92D844F}.Debug|x64.Build.0 = Debug|x64
		{41A4D764-C141-42A3-9B2B-DD72C92D844F}.Debug|x86.ActiveCfg = Debug|Win32
		{41A4D764-C141-42A3-9B2B-DD72C92D844F}.Debug|x86.Build.0 = Debug|Win32
		{41A4D764-C141-42A3-9B2B-DD72C92D844F}.Release|x64.ActiveCfg = Release|x64
		{41A4D764-C141-42A3-9B2B-DD72C92D844F}.Release|x64.Build.0 = Release|x64
		{41A4D764-C141-42A3-9B2B-DD72C92D844F}.Release|x86.ActiveCfg = Release|Win32
		{41A4D764-C141-42A3-9B2B-DD72C92D844F}.Release|x86.Build.0 = Release|Win32
	EndGlobalSection
	GlobalSection(SolutionProperties) = preSolution
		HideSolutionNode = FALSE
	EndGlobalSection
	GlobalSection(ExtensibilityGlobals) = postSolution
		SolutionGuid = {88075FE4-7EC4-471A-94FD-7D474F2EC5B6}
	EndGlobalSection
EndGlobal
