
Microsoft Visual Studio Solution File, Format Version 12.00
# Visual Studio Version 17
VisualStudioVersion = 17.6.33723.286
MinimumVisualStudioVersion = 10.0.40219.1
Project("{8BC9CEB8-8B4A-11D0-8D11-00A0C91BC942}") = "1-0", "1-0\1-0.vcxproj", "{71DD756D-CF42-430C-84C2-A0A57BC85F20}"
EndProject
Project("{8BC9CEB8-8B4A-11D0-8D11-00A0C91BC942}") = "1-1", "1-1\1-1.vcxproj", "{31CAA1D2-6682-407B-8FF2-0A25DECED214}"
EndProject
Project("{8BC9CEB8-8B4A-11D0-8D11-00A0C91BC942}") = "1-2", "1-2\1-2.vcxproj", "{4A21D87D-CCE2-494C-B35F-EF3DFBD09FAE}"
EndProject
Project("{8BC9CEB8-8B4A-11D0-8D11-00A0C91BC942}") = "2", "2\2.vcxproj", "{2C8ED2F2-AE1D-48A0-8DC6-513AC47C909D}"
EndProject
Project("{8BC9CEB8-8B4A-11D0-8D11-00A0C91BC942}") = "3", "3\3.vcxproj", "{9DAD9E4F-E8AE-47F9-9256-2A9572D54AD3}"
EndProject
Project("{8BC9CEB8-8B4A-11D0-8D11-00A0C91BC942}") = "5", "5\5.vcxproj", "{4D4DA27A-5931-4CFF-A780-CDE6CDDE77DB}"
EndProject
Project("{8BC9CEB8-8B4A-11D0-8D11-00A0C91BC942}") = "4", "4\4.vcxproj", "{A836A483-5522-42AC-BD0F-4B48D6D54A38}"
EndProject
Project("{8BC9CEB8-8B4A-11D0-8D11-00A0C91BC942}") = "1-2_2", "1-2_2\1-2_2.vcxproj", "{3B860203-59BC-4677-A0E0-BE623C24D897}"
EndProject
Project("{8BC9CEB8-8B4A-11D0-8D11-00A0C91BC942}") = "3_2", "3_2\3_2.vcxproj", "{E57438A1-A64F-43CB-809E-AC27428F7A20}"
EndProject
Global
	GlobalSection(SolutionConfigurationPlatforms) = preSolution
		Debug|x64 = Debug|x64
		Debug|x86 = Debug|x86
		Release|x64 = Release|x64
		Release|x86 = Release|x86
	EndGlobalSection
	GlobalSection(ProjectConfigurationPlatforms) = postSolution
		{71DD756D-CF42-430C-84C2-A0A57BC85F20}.Debug|x64.ActiveCfg = Debug|x64
		{71DD756D-CF42-430C-84C2-A0A57BC85F20}.Debug|x64.Build.0 = Debug|x64
		{71DD756D-CF42-430C-84C2-A0A57BC85F20}.Debug|x86.ActiveCfg = Debug|Win32
		{71DD756D-CF42-430C-84C2-A0A57BC85F20}.Debug|x86.Build.0 = Debug|Win32
		{71DD756D-CF42-430C-84C2-A0A57BC85F20}.Release|x64.ActiveCfg = Release|x64
		{71DD756D-CF42-430C-84C2-A0A57BC85F20}.Release|x64.Build.0 = Release|x64
		{71DD756D-CF42-430C-84C2-A0A57BC85F20}.Release|x86.ActiveCfg = Release|Win32
		{71DD756D-CF42-430C-84C2-A0A57BC85F20}.Release|x86.Build.0 = Release|Win32
		{31CAA1D2-6682-407B-8FF2-0A25DECED214}.Debug|x64.ActiveCfg = Debug|x64
		{31CAA1D2-6682-407B-8FF2-0A25DECED214}.Debug|x64.Build.0 = Debug|x64
		{31CAA1D2-6682-407B-8FF2-0A25DECED214}.Debug|x86.ActiveCfg = Debug|Win32
		{31CAA1D2-6682-407B-8FF2-0A25DECED214}.Debug|x86.Build.0 = Debug|Win32
		{31CAA1D2-6682-407B-8FF2-0A25DECED214}.Release|x64.ActiveCfg = Release|x64
		{31CAA1D2-6682-407B-8FF2-0A25DECED214}.Release|x64.Build.0 = Release|x64
		{31CAA1D2-6682-407B-8FF2-0A25DECED214}.Release|x86.ActiveCfg = Release|Win32
		{31CAA1D2-6682-407B-8FF2-0A25DECED214}.Release|x86.Build.0 = Release|Win32
		{4A21D87D-CCE2-494C-B35F-EF3DFBD09FAE}.Debug|x64.ActiveCfg = Debug|x64
		{4A21D87D-CCE2-494C-B35F-EF3DFBD09FAE}.Debug|x64.Build.0 = Debug|x64
		{4A21D87D-CCE2-494C-B35F-EF3DFBD09FAE}.Debug|x86.ActiveCfg = Debug|Win32
		{4A21D87D-CCE2-494C-B35F-EF3DFBD09FAE}.Debug|x86.Build.0 = Debug|Win32
		{4A21D87D-CCE2-494C-B35F-EF3DFBD09FAE}.Release|x64.ActiveCfg = Release|x64
		{4A21D87D-CCE2-494C-B35F-EF3DFBD09FAE}.Release|x64.Build.0 = Release|x64
		{4A21D87D-CCE2-494C-B35F-EF3DFBD09FAE}.Release|x86.ActiveCfg = Release|Win32
		{4A21D87D-CCE2-494C-B35F-EF3DFBD09FAE}.Release|x86.Build.0 = Release|Win32
		{2C8ED2F2-AE1D-48A0-8DC6-513AC47C909D}.Debug|x64.ActiveCfg = Debug|x64
		{2C8ED2F2-AE1D-48A0-8DC6-513AC47C909D}.Debug|x64.Build.0 = Debug|x64
		{2C8ED2F2-AE1D-48A0-8DC6-513AC47C909D}.Debug|x86.ActiveCfg = Debug|Win32
		{2C8ED2F2-AE1D-48A0-8DC6-513AC47C909D}.Debug|x86.Build.0 = Debug|Win32
		{2C8ED2F2-AE1D-48A0-8DC6-513AC47C909D}.Release|x64.ActiveCfg = Release|x64
		{2C8ED2F2-AE1D-48A0-8DC6-513AC47C909D}.Release|x64.Build.0 = Release|x64
		{2C8ED2F2-AE1D-48A0-8DC6-513AC47C909D}.Release|x86.ActiveCfg = Release|Win32
		{2C8ED2F2-AE1D-48A0-8DC6-513AC47C909D}.Release|x86.Build.0 = Release|Win32
		{9DAD9E4F-E8AE-47F9-9256-2A9572D54AD3}.Debug|x64.ActiveCfg = Debug|x64
		{9DAD9E4F-E8AE-47F9-9256-2A9572D54AD3}.Debug|x64.Build.0 = Debug|x64
		{9DAD9E4F-E8AE-47F9-9256-2A9572D54AD3}.Debug|x86.ActiveCfg = Debug|Win32
		{9DAD9E4F-E8AE-47F9-9256-2A9572D54AD3}.Debug|x86.Build.0 = Debug|Win32
		{9DAD9E4F-E8AE-47F9-9256-2A9572D54AD3}.Release|x64.ActiveCfg = Release|x64
		{9DAD9E4F-E8AE-47F9-9256-2A9572D54AD3}.Release|x64.Build.0 = Release|x64
		{9DAD9E4F-E8AE-47F9-9256-2A9572D54AD3}.Release|x86.ActiveCfg = Release|Win32
		{9DAD9E4F-E8AE-47F9-9256-2A9572D54AD3}.Release|x86.Build.0 = Release|Win32
		{4D4DA27A-5931-4CFF-A780-CDE6CDDE77DB}.Debug|x64.ActiveCfg = Debug|x64
		{4D4DA27A-5931-4CFF-A780-CDE6CDDE77DB}.Debug|x64.Build.0 = Debug|x64
		{4D4DA27A-5931-4CFF-A780-CDE6CDDE77DB}.Debug|x86.ActiveCfg = Debug|Win32
		{4D4DA27A-5931-4CFF-A780-CDE6CDDE77DB}.Debug|x86.Build.0 = Debug|Win32
		{4D4DA27A-5931-4CFF-A780-CDE6CDDE77DB}.Release|x64.ActiveCfg = Release|x64
		{4D4DA27A-5931-4CFF-A780-CDE6CDDE77DB}.Release|x64.Build.0 = Release|x64
		{4D4DA27A-5931-4CFF-A780-CDE6CDDE77DB}.Release|x86.ActiveCfg = Release|Win32
		{4D4DA27A-5931-4CFF-A780-CDE6CDDE77DB}.Release|x86.Build.0 = Release|Win32
		{A836A483-5522-42AC-BD0F-4B48D6D54A38}.Debug|x64.ActiveCfg = Debug|x64
		{A836A483-5522-42AC-BD0F-4B48D6D54A38}.Debug|x64.Build.0 = Debug|x64
		{A836A483-5522-42AC-BD0F-4B48D6D54A38}.Debug|x86.ActiveCfg = Debug|Win32
		{A836A483-5522-42AC-BD0F-4B48D6D54A38}.Debug|x86.Build.0 = Debug|Win32
		{A836A483-5522-42AC-BD0F-4B48D6D54A38}.Release|x64.ActiveCfg = Release|x64
		{A836A483-5522-42AC-BD0F-4B48D6D54A38}.Release|x64.Build.0 = Release|x64
		{A836A483-5522-42AC-BD0F-4B48D6D54A38}.Release|x86.ActiveCfg = Release|Win32
		{A836A483-5522-42AC-BD0F-4B48D6D54A38}.Release|x86.Build.0 = Release|Win32
		{3B860203-59BC-4677-A0E0-BE623C24D897}.Debug|x64.ActiveCfg = Debug|x64
		{3B860203-59BC-4677-A0E0-BE623C24D897}.Debug|x64.Build.0 = Debug|x64
		{3B860203-59BC-4677-A0E0-BE623C24D897}.Debug|x86.ActiveCfg = Debug|Win32
		{3B860203-59BC-4677-A0E0-BE623C24D897}.Debug|x86.Build.0 = Debug|Win32
		{3B860203-59BC-4677-A0E0-BE623C24D897}.Release|x64.ActiveCfg = Release|x64
		{3B860203-59BC-4677-A0E0-BE623C24D897}.Release|x64.Build.0 = Release|x64
		{3B860203-59BC-4677-A0E0-BE623C24D897}.Release|x86.ActiveCfg = Release|Win32
		{3B860203-59BC-4677-A0E0-BE623C24D897}.Release|x86.Build.0 = Release|Win32
		{E57438A1-A64F-43CB-809E-AC27428F7A20}.Debug|x64.ActiveCfg = Debug|x64
		{E57438A1-A64F-43CB-809E-AC27428F7A20}.Debug|x64.Build.0 = Debug|x64
		{E57438A1-A64F-43CB-809E-AC27428F7A20}.Debug|x86.ActiveCfg = Debug|Win32
		{E57438A1-A64F-43CB-809E-AC27428F7A20}.Debug|x86.Build.0 = Debug|Win32
		{E57438A1-A64F-43CB-809E-AC27428F7A20}.Release|x64.ActiveCfg = Release|x64
		{E57438A1-A64F-43CB-809E-AC27428F7A20}.Release|x64.Build.0 = Release|x64
		{E57438A1-A64F-43CB-809E-AC27428F7A20}.Release|x86.ActiveCfg = Release|Win32
		{E57438A1-A64F-43CB-809E-AC27428F7A20}.Release|x86.Build.0 = Release|Win32
	EndGlobalSection
	GlobalSection(SolutionProperties) = preSolution
		HideSolutionNode = FALSE
	EndGlobalSection
	GlobalSection(ExtensibilityGlobals) = postSolution
		SolutionGuid = {AEB25AB2-E795-43EE-98BB-B1D19FCBC294}
	EndGlobalSection
EndGlobal
